
Microsoft Visual Studio Solution File, Format Version 12.00
# Visual Studio 14
VisualStudioVersion = 14.0.24720.0
MinimumVisualStudioVersion = 10.0.40219.1
Project("{2150E333-8FDC-42A3-9474-1A3956D46DE8}") = ".nuget", ".nuget", "{3389B086-7943-4369-9B69-D5D845EA55AA}"
	ProjectSection(SolutionItems) = preProject
		.nuget\packages.config = .nuget\packages.config
	EndProjectSection
EndProject
Project("{FAE04EC0-301F-11D3-BF4B-00C04F79EFBC}") = "Lib.Web", "Lib.Web\Lib.Web.csproj", "{CA36DBA3-AA98-4B68-90F8-BC893582225E}"
EndProject
Project("{FAE04EC0-301F-11D3-BF4B-00C04F79EFBC}") = "LibMain", "LibMain\LibMain.csproj", "{DE914158-DB1A-4060-A305-E867DB9CE497}"
EndProject
Project("{FAE04EC0-301F-11D3-BF4B-00C04F79EFBC}") = "Lib.Web.Api", "Lib.Web.Api\Lib.Web.Api.csproj", "{6839EAFC-9DF5-4C48-9A5C-199EA155F30E}"
EndProject
Project("{FAE04EC0-301F-11D3-BF4B-00C04F79EFBC}") = "Lib.Web.Api.OData", "Lib.Web.Api.OData\Lib.Web.Api.OData.csproj", "{2FDE56F9-32EA-4B48-8863-C40B5D15238A}"
EndProject
Global
	GlobalSection(SolutionConfigurationPlatforms) = preSolution
		Debug|Any CPU = Debug|Any CPU
		Release|Any CPU = Release|Any CPU
	EndGlobalSection
	GlobalSection(ProjectConfigurationPlatforms) = postSolution
		{CA36DBA3-AA98-4B68-90F8-BC893582225E}.Debug|Any CPU.ActiveCfg = Debug|Any CPU
		{CA36DBA3-AA98-4B68-90F8-BC893582225E}.Debug|Any CPU.Build.0 = Debug|Any CPU
		{CA36DBA3-AA98-4B68-90F8-BC893582225E}.Release|Any CPU.ActiveCfg = Release|Any CPU
		{CA36DBA3-AA98-4B68-90F8-BC893582225E}.Release|Any CPU.Build.0 = Release|Any CPU
		{DE914158-DB1A-4060-A305-E867DB9CE497}.Debug|Any CPU.ActiveCfg = Debug|Any CPU
		{DE914158-DB1A-4060-A305-E867DB9CE497}.Debug|Any CPU.Build.0 = Debug|Any CPU
		{DE914158-DB1A-4060-A305-E867DB9CE497}.Release|Any CPU.ActiveCfg = Release|Any CPU
		{DE914158-DB1A-4060-A305-E867DB9CE497}.Release|Any CPU.Build.0 = Release|Any CPU
		{6839EAFC-9DF5-4C48-9A5C-199EA155F30E}.Debug|Any CPU.ActiveCfg = Debug|Any CPU
		{6839EAFC-9DF5-4C48-9A5C-199EA155F30E}.Debug|Any CPU.Build.0 = Debug|Any CPU
		{6839EAFC-9DF5-4C48-9A5C-199EA155F30E}.Release|Any CPU.ActiveCfg = Release|Any CPU
		{6839EAFC-9DF5-4C48-9A5C-199EA155F30E}.Release|Any CPU.Build.0 = Release|Any CPU
		{2FDE56F9-32EA-4B48-8863-C40B5D15238A}.Debug|Any CPU.ActiveCfg = Debug|Any CPU
		{2FDE56F9-32EA-4B48-8863-C40B5D15238A}.Debug|Any CPU.Build.0 = Debug|Any CPU
		{2FDE56F9-32EA-4B48-8863-C40B5D15238A}.Release|Any CPU.ActiveCfg = Release|Any CPU
		{2FDE56F9-32EA-4B48-8863-C40B5D15238A}.Release|Any CPU.Build.0 = Release|Any CPU
	EndGlobalSection
	GlobalSection(SolutionProperties) = preSolution
		HideSolutionNode = FALSE
	EndGlobalSection
EndGlobal
