
Microsoft Visual Studio Solution File, Format Version 12.00
# Visual Studio 15
VisualStudioVersion = 15.0.26711.1
MinimumVisualStudioVersion = 10.0.40219.1
Project("{FAE04EC0-301F-11D3-BF4B-00C04F79EFBC}") = "SP.WebApi", "Specialty\SP.WebApi.csproj", "{E8BB97E9-6AB7-4A9D-B550-C3F4CD285B3F}"
EndProject
Project("{FAE04EC0-301F-11D3-BF4B-00C04F79EFBC}") = "SP.Application", "SP.Application\SP.Application.csproj", "{D0190DDB-EC06-4335-B29B-EA030A8443A6}"
EndProject
Project("{FAE04EC0-301F-11D3-BF4B-00C04F79EFBC}") = "SP.Core", "SP.Core\SP.Core.csproj", "{47FD77BE-DFD1-460B-A9C8-C9EB709370E6}"
EndProject
Project("{FAE04EC0-301F-11D3-BF4B-00C04F79EFBC}") = "SP.ManageEntityFramework", "SP.ManageEntityFramework\SP.ManageEntityFramework.csproj", "{80C2B3DC-097B-490C-8951-4D47215E16E9}"
EndProject
Project("{2150E333-8FDC-42A3-9474-1A3956D46DE8}") = "Core", "Core", "{86BCEEB1-94AE-44F0-891B-1135910FA566}"
EndProject
Project("{FAE04EC0-301F-11D3-BF4B-00C04F79EFBC}") = "SPManager", "SPManager\SPManager.csproj", "{D2BFBC69-B587-4F87-99C4-0251C7377F7F}"
EndProject
Project("{2150E333-8FDC-42A3-9474-1A3956D46DE8}") = "RPC", "RPC", "{48DA2324-1307-4897-8D86-91221A227271}"
EndProject
Project("{9A19103F-16F7-4668-BE54-9A1E7A4F7556}") = "Order.Service", "OrderService\Order.Service.csproj", "{83F5E69A-672B-434E-9740-488221DE5D57}"
EndProject
Project("{9A19103F-16F7-4668-BE54-9A1E7A4F7556}") = "Product.Service", "Product.Service\Product.Service.csproj", "{3881EA0E-BB65-4846-BF37-5ABA3AE63FB6}"
EndProject
Project("{9A19103F-16F7-4668-BE54-9A1E7A4F7556}") = "OrderGRPCInterface", "OrderRPCInterface\OrderGRPCInterface.csproj", "{588DB720-E451-462C-88E5-33C7762CE924}"
EndProject
Project("{9A19103F-16F7-4668-BE54-9A1E7A4F7556}") = "ProductGRPCInterface", "ProductGRPCInterface\ProductGRPCInterface.csproj", "{9C6E35FB-207D-42E8-BF68-0AFBBEC8A34B}"
EndProject
Project("{9A19103F-16F7-4668-BE54-9A1E7A4F7556}") = "Account.Service", "Account.Service\Account.Service.csproj", "{25FA963D-AAF5-4581-A827-7CF8E208C07D}"
EndProject
Project("{9A19103F-16F7-4668-BE54-9A1E7A4F7556}") = "AccountGRPCInterface", "AccountGRPCInterface\AccountGRPCInterface.csproj", "{58B02E58-2AFA-4E00-8C3D-D1275A408226}"
EndProject
Project("{9A19103F-16F7-4668-BE54-9A1E7A4F7556}") = "SmsGRPCInterface", "ReservationGRPCInterface\SmsGRPCInterface.csproj", "{E2B7D0FB-C3FB-47AD-9D9A-185DCD068563}"
EndProject
Project("{FAE04EC0-301F-11D3-BF4B-00C04F79EFBC}") = "RPCCommonTool", "RPCCommonTool\RPCCommonTool.csproj", "{5500A323-6854-4A1B-884E-6C2011B8AC71}"
EndProject
Project("{2150E333-8FDC-42A3-9474-1A3956D46DE8}") = "WebApi", "WebApi", "{16DCF713-854B-4964-AF40-8BF8DEE44737}"
EndProject
Project("{FAE04EC0-301F-11D3-BF4B-00C04F79EFBC}") = "WebApiGateway", "WebApiGateway\WebApiGateway.csproj", "{81A287A6-7527-4836-8A9A-B1A9DFBADC25}"
EndProject
Project("{9A19103F-16F7-4668-BE54-9A1E7A4F7556}") = "Grpc.Service.Core", "Grpc.Service.Core\Grpc.Service.Core.csproj", "{F918B072-BD76-42A0-B618-6F9A598CC83B}"
EndProject
Project("{9A19103F-16F7-4668-BE54-9A1E7A4F7556}") = "SP.Service.EntityFramework", "SP.Service.EntityFramework\SP.Service.EntityFramework.csproj", "{2EB5863F-1D32-49BC-A221-45E69F0813CF}"
EndProject
Project("{9A19103F-16F7-4668-BE54-9A1E7A4F7556}") = "SP.Service.Entity", "SP.Service.Entity\SP.Service.Entity.csproj", "{FA0DBA4E-5EE7-436A-9447-90DAD534950A}"
EndProject
Project("{9A19103F-16F7-4668-BE54-9A1E7A4F7556}") = "SP.Service.Domain", "SP.Service.Domain\SP.Service.Domain.csproj", "{85C626C7-7CB2-4846-B39D-72A6F4963F56}"
EndProject
Project("{9A19103F-16F7-4668-BE54-9A1E7A4F7556}") = "SP.Data.Enum", "SP.Data.Enum\SP.Data.Enum.csproj", "{00BECDAB-DD97-4960-8D54-19DC4BB7D9DC}"
EndProject
Project("{FAE04EC0-301F-11D3-BF4B-00C04F79EFBC}") = "SP.DataEntity", "SP.DataEntity34\SP.DataEntity.csproj", "{CA4585FD-DBF5-4343-A6F3-488F8D943789}"
EndProject
Project("{9A19103F-16F7-4668-BE54-9A1E7A4F7556}") = "Rpc.TestClient", "Rpc.TestClient\Rpc.TestClient.csproj", "{AB3E31A7-33C6-480E-98BF-FCC7AF0BF2F7}"
EndProject
Project("{FAE04EC0-301F-11D3-BF4B-00C04F79EFBC}") = "SP.Api.Model", "SP.Api.Model\SP.Api.Model.csproj", "{3A637592-A435-45BF-82BF-7ECD0AE7F5CB}"
EndProject
Project("{FAE04EC0-301F-11D3-BF4B-00C04F79EFBC}") = "SP.Api.Caching", "SP.Api.Cache\SP.Api.Caching.csproj", "{82F494CD-BCCF-4056-98C4-DA2DA324903A}"
EndProject
Project("{9A19103F-16F7-4668-BE54-9A1E7A4F7556}") = "Sms.Service", "Sms.Service\Sms.Service.csproj", "{525EB6CD-53BB-41EF-A573-CCB562949185}"
EndProject
Project("{9A19103F-16F7-4668-BE54-9A1E7A4F7556}") = "RedisCache.Service", "RedisCache.Service\RedisCache.Service.csproj", "{AAA86252-369B-4E64-8DD9-8B266967AAC8}"
EndProject
Project("{9A19103F-16F7-4668-BE54-9A1E7A4F7556}") = "aliyun-net-sdk-core", "aliyun-net-sdk-core\aliyun-net-sdk-core.csproj", "{672E5146-0420-4A9A-8881-613AD5EFAD31}"
EndProject
Project("{9A19103F-16F7-4668-BE54-9A1E7A4F7556}") = "aliyun-net-sdk-dysmsapi", "aliyun-net-sdk-dysmsapi\aliyun-net-sdk-dysmsapi.csproj", "{63EB2A96-7BB6-4331-B21E-5FC09080B97F}"
EndProject
Project("{9A19103F-16F7-4668-BE54-9A1E7A4F7556}") = "OrderDelayQueue.Service", "OrderDelayQueue.Service\OrderDelayQueue.Service.csproj", "{088D4432-0325-4C44-ABB7-F33780342FA5}"
EndProject
Project("{2150E333-8FDC-42A3-9474-1A3956D46DE8}") = "Docment", "Docment", "{D97B82CA-BEB3-4C7A-86EC-A2D8A666B1B7}"
	ProjectSection(SolutionItems) = preProject
		EJJ_DB_20170805.xlsx = EJJ_DB_20170805.xlsx
	EndProjectSection
EndProject
Project("{9A19103F-16F7-4668-BE54-9A1E7A4F7556}") = "wx.pay", "wx.pay\wx.pay.csproj", "{3F3E6720-E254-460E-834D-35FAAE88337C}"
EndProject
Project("{2150E333-8FDC-42A3-9474-1A3956D46DE8}") = "Kafka", "Kafka", "{EF4BC8E5-6E94-4CA8-972D-C6A5FFDF7E5D}"
EndProject
Project("{9A19103F-16F7-4668-BE54-9A1E7A4F7556}") = "SP.Producer", "Producer\SP.Producer.csproj", "{91D9AC69-769A-4DC1-83FD-DC8A711CD7AB}"
EndProject
Project("{9A19103F-16F7-4668-BE54-9A1E7A4F7556}") = "SP.Consumer", "SP.Consumer\SP.Consumer.csproj", "{614D069A-A561-4C5D-9297-9FF49F5C32A5}"
EndProject
Project("{9A19103F-16F7-4668-BE54-9A1E7A4F7556}") = "KafkaConsumer.Service", "KafkaConsumer.Service\KafkaConsumer.Service.csproj", "{194328FB-E73F-41FE-9E19-98D5E07A90D4}"
EndProject
Project("{9A19103F-16F7-4668-BE54-9A1E7A4F7556}") = "KafkaSysConsumer.Service", "KafkaSysConsumer.Service\KafkaSysConsumer.Service.csproj", "{B9D0658F-7FB1-43DA-9846-28BAEF0A289C}"
EndProject
Project("{FAE04EC0-301F-11D3-BF4B-00C04F79EFBC}") = "AgentDashboard", "AgentDashboard\AgentDashboard\AgentDashboard.csproj", "{A6114F27-A413-4E8C-B43C-32BCC6B923E6}"
EndProject
Project("{9A19103F-16F7-4668-BE54-9A1E7A4F7556}") = "Stock.Service", "Stock.Service\Stock.Service.csproj", "{81E82D42-8063-4C01-B899-A3FCEA3093AB}"
EndProject
Project("{9A19103F-16F7-4668-BE54-9A1E7A4F7556}") = "StockGRPCInterface", "StockGRPCInterface\StockGRPCInterface.csproj", "{11AB8B31-19E1-485C-90F0-E0977BBC7C26}"
EndProject
Project("{9A19103F-16F7-4668-BE54-9A1E7A4F7556}") = "CSRedis.NetCore", "CSRedis.NetCore\CSRedis.NetCore.csproj", "{01589377-7F4D-43CD-8F58-758C26524AA4}"
EndProject
Global
	GlobalSection(SolutionConfigurationPlatforms) = preSolution
		Debug|Any CPU = Debug|Any CPU
		Release|Any CPU = Release|Any CPU
	EndGlobalSection
	GlobalSection(ProjectConfigurationPlatforms) = postSolution
		{E8BB97E9-6AB7-4A9D-B550-C3F4CD285B3F}.Debug|Any CPU.ActiveCfg = Debug|Any CPU
		{E8BB97E9-6AB7-4A9D-B550-C3F4CD285B3F}.Debug|Any CPU.Build.0 = Debug|Any CPU
		{E8BB97E9-6AB7-4A9D-B550-C3F4CD285B3F}.Release|Any CPU.ActiveCfg = Release|Any CPU
		{E8BB97E9-6AB7-4A9D-B550-C3F4CD285B3F}.Release|Any CPU.Build.0 = Release|Any CPU
		{D0190DDB-EC06-4335-B29B-EA030A8443A6}.Debug|Any CPU.ActiveCfg = Debug|Any CPU
		{D0190DDB-EC06-4335-B29B-EA030A8443A6}.Debug|Any CPU.Build.0 = Debug|Any CPU
		{D0190DDB-EC06-4335-B29B-EA030A8443A6}.Release|Any CPU.ActiveCfg = Release|Any CPU
		{D0190DDB-EC06-4335-B29B-EA030A8443A6}.Release|Any CPU.Build.0 = Release|Any CPU
		{47FD77BE-DFD1-460B-A9C8-C9EB709370E6}.Debug|Any CPU.ActiveCfg = Debug|Any CPU
		{47FD77BE-DFD1-460B-A9C8-C9EB709370E6}.Debug|Any CPU.Build.0 = Debug|Any CPU
		{47FD77BE-DFD1-460B-A9C8-C9EB709370E6}.Release|Any CPU.ActiveCfg = Release|Any CPU
		{47FD77BE-DFD1-460B-A9C8-C9EB709370E6}.Release|Any CPU.Build.0 = Release|Any CPU
		{80C2B3DC-097B-490C-8951-4D47215E16E9}.Debug|Any CPU.ActiveCfg = Debug|Any CPU
		{80C2B3DC-097B-490C-8951-4D47215E16E9}.Debug|Any CPU.Build.0 = Debug|Any CPU
		{80C2B3DC-097B-490C-8951-4D47215E16E9}.Release|Any CPU.ActiveCfg = Release|Any CPU
		{80C2B3DC-097B-490C-8951-4D47215E16E9}.Release|Any CPU.Build.0 = Release|Any CPU
		{D2BFBC69-B587-4F87-99C4-0251C7377F7F}.Debug|Any CPU.ActiveCfg = Debug|Any CPU
		{D2BFBC69-B587-4F87-99C4-0251C7377F7F}.Debug|Any CPU.Build.0 = Debug|Any CPU
		{D2BFBC69-B587-4F87-99C4-0251C7377F7F}.Release|Any CPU.ActiveCfg = Release|Any CPU
		{D2BFBC69-B587-4F87-99C4-0251C7377F7F}.Release|Any CPU.Build.0 = Release|Any CPU
		{83F5E69A-672B-434E-9740-488221DE5D57}.Debug|Any CPU.ActiveCfg = Debug|Any CPU
		{83F5E69A-672B-434E-9740-488221DE5D57}.Debug|Any CPU.Build.0 = Debug|Any CPU
		{83F5E69A-672B-434E-9740-488221DE5D57}.Release|Any CPU.ActiveCfg = Release|Any CPU
		{83F5E69A-672B-434E-9740-488221DE5D57}.Release|Any CPU.Build.0 = Release|Any CPU
		{3881EA0E-BB65-4846-BF37-5ABA3AE63FB6}.Debug|Any CPU.ActiveCfg = Debug|Any CPU
		{3881EA0E-BB65-4846-BF37-5ABA3AE63FB6}.Debug|Any CPU.Build.0 = Debug|Any CPU
		{3881EA0E-BB65-4846-BF37-5ABA3AE63FB6}.Release|Any CPU.ActiveCfg = Release|Any CPU
		{3881EA0E-BB65-4846-BF37-5ABA3AE63FB6}.Release|Any CPU.Build.0 = Release|Any CPU
		{588DB720-E451-462C-88E5-33C7762CE924}.Debug|Any CPU.ActiveCfg = Debug|Any CPU
		{588DB720-E451-462C-88E5-33C7762CE924}.Debug|Any CPU.Build.0 = Debug|Any CPU
		{588DB720-E451-462C-88E5-33C7762CE924}.Release|Any CPU.ActiveCfg = Release|Any CPU
		{588DB720-E451-462C-88E5-33C7762CE924}.Release|Any CPU.Build.0 = Release|Any CPU
		{9C6E35FB-207D-42E8-BF68-0AFBBEC8A34B}.Debug|Any CPU.ActiveCfg = Debug|Any CPU
		{9C6E35FB-207D-42E8-BF68-0AFBBEC8A34B}.Debug|Any CPU.Build.0 = Debug|Any CPU
		{9C6E35FB-207D-42E8-BF68-0AFBBEC8A34B}.Release|Any CPU.ActiveCfg = Release|Any CPU
		{9C6E35FB-207D-42E8-BF68-0AFBBEC8A34B}.Release|Any CPU.Build.0 = Release|Any CPU
		{25FA963D-AAF5-4581-A827-7CF8E208C07D}.Debug|Any CPU.ActiveCfg = Debug|Any CPU
		{25FA963D-AAF5-4581-A827-7CF8E208C07D}.Debug|Any CPU.Build.0 = Debug|Any CPU
		{25FA963D-AAF5-4581-A827-7CF8E208C07D}.Release|Any CPU.ActiveCfg = Release|Any CPU
		{25FA963D-AAF5-4581-A827-7CF8E208C07D}.Release|Any CPU.Build.0 = Release|Any CPU
		{58B02E58-2AFA-4E00-8C3D-D1275A408226}.Debug|Any CPU.ActiveCfg = Debug|Any CPU
		{58B02E58-2AFA-4E00-8C3D-D1275A408226}.Debug|Any CPU.Build.0 = Debug|Any CPU
		{58B02E58-2AFA-4E00-8C3D-D1275A408226}.Release|Any CPU.ActiveCfg = Release|Any CPU
		{58B02E58-2AFA-4E00-8C3D-D1275A408226}.Release|Any CPU.Build.0 = Release|Any CPU
		{E2B7D0FB-C3FB-47AD-9D9A-185DCD068563}.Debug|Any CPU.ActiveCfg = Debug|Any CPU
		{E2B7D0FB-C3FB-47AD-9D9A-185DCD068563}.Debug|Any CPU.Build.0 = Debug|Any CPU
		{E2B7D0FB-C3FB-47AD-9D9A-185DCD068563}.Release|Any CPU.ActiveCfg = Release|Any CPU
		{E2B7D0FB-C3FB-47AD-9D9A-185DCD068563}.Release|Any CPU.Build.0 = Release|Any CPU
		{5500A323-6854-4A1B-884E-6C2011B8AC71}.Debug|Any CPU.ActiveCfg = Debug|Any CPU
		{5500A323-6854-4A1B-884E-6C2011B8AC71}.Debug|Any CPU.Build.0 = Debug|Any CPU
		{5500A323-6854-4A1B-884E-6C2011B8AC71}.Release|Any CPU.ActiveCfg = Release|Any CPU
		{5500A323-6854-4A1B-884E-6C2011B8AC71}.Release|Any CPU.Build.0 = Release|Any CPU
		{81A287A6-7527-4836-8A9A-B1A9DFBADC25}.Debug|Any CPU.ActiveCfg = Debug|Any CPU
		{81A287A6-7527-4836-8A9A-B1A9DFBADC25}.Debug|Any CPU.Build.0 = Debug|Any CPU
		{81A287A6-7527-4836-8A9A-B1A9DFBADC25}.Release|Any CPU.ActiveCfg = Release|Any CPU
		{81A287A6-7527-4836-8A9A-B1A9DFBADC25}.Release|Any CPU.Build.0 = Release|Any CPU
		{F918B072-BD76-42A0-B618-6F9A598CC83B}.Debug|Any CPU.ActiveCfg = Debug|Any CPU
		{F918B072-BD76-42A0-B618-6F9A598CC83B}.Debug|Any CPU.Build.0 = Debug|Any CPU
		{F918B072-BD76-42A0-B618-6F9A598CC83B}.Release|Any CPU.ActiveCfg = Release|Any CPU
		{F918B072-BD76-42A0-B618-6F9A598CC83B}.Release|Any CPU.Build.0 = Release|Any CPU
		{2EB5863F-1D32-49BC-A221-45E69F0813CF}.Debug|Any CPU.ActiveCfg = Debug|Any CPU
		{2EB5863F-1D32-49BC-A221-45E69F0813CF}.Debug|Any CPU.Build.0 = Debug|Any CPU
		{2EB5863F-1D32-49BC-A221-45E69F0813CF}.Release|Any CPU.ActiveCfg = Release|Any CPU
		{2EB5863F-1D32-49BC-A221-45E69F0813CF}.Release|Any CPU.Build.0 = Release|Any CPU
		{FA0DBA4E-5EE7-436A-9447-90DAD534950A}.Debug|Any CPU.ActiveCfg = Debug|Any CPU
		{FA0DBA4E-5EE7-436A-9447-90DAD534950A}.Debug|Any CPU.Build.0 = Debug|Any CPU
		{FA0DBA4E-5EE7-436A-9447-90DAD534950A}.Release|Any CPU.ActiveCfg = Release|Any CPU
		{FA0DBA4E-5EE7-436A-9447-90DAD534950A}.Release|Any CPU.Build.0 = Release|Any CPU
		{85C626C7-7CB2-4846-B39D-72A6F4963F56}.Debug|Any CPU.ActiveCfg = Debug|Any CPU
		{85C626C7-7CB2-4846-B39D-72A6F4963F56}.Debug|Any CPU.Build.0 = Debug|Any CPU
		{85C626C7-7CB2-4846-B39D-72A6F4963F56}.Release|Any CPU.ActiveCfg = Release|Any CPU
		{85C626C7-7CB2-4846-B39D-72A6F4963F56}.Release|Any CPU.Build.0 = Release|Any CPU
		{00BECDAB-DD97-4960-8D54-19DC4BB7D9DC}.Debug|Any CPU.ActiveCfg = Debug|Any CPU
		{00BECDAB-DD97-4960-8D54-19DC4BB7D9DC}.Debug|Any CPU.Build.0 = Debug|Any CPU
		{00BECDAB-DD97-4960-8D54-19DC4BB7D9DC}.Release|Any CPU.ActiveCfg = Release|Any CPU
		{00BECDAB-DD97-4960-8D54-19DC4BB7D9DC}.Release|Any CPU.Build.0 = Release|Any CPU
		{CA4585FD-DBF5-4343-A6F3-488F8D943789}.Debug|Any CPU.ActiveCfg = Debug|Any CPU
		{CA4585FD-DBF5-4343-A6F3-488F8D943789}.Debug|Any CPU.Build.0 = Debug|Any CPU
		{CA4585FD-DBF5-4343-A6F3-488F8D943789}.Release|Any CPU.ActiveCfg = Release|Any CPU
		{CA4585FD-DBF5-4343-A6F3-488F8D943789}.Release|Any CPU.Build.0 = Release|Any CPU
		{AB3E31A7-33C6-480E-98BF-FCC7AF0BF2F7}.Debug|Any CPU.ActiveCfg = Debug|Any CPU
		{AB3E31A7-33C6-480E-98BF-FCC7AF0BF2F7}.Debug|Any CPU.Build.0 = Debug|Any CPU
		{AB3E31A7-33C6-480E-98BF-FCC7AF0BF2F7}.Release|Any CPU.ActiveCfg = Release|Any CPU
		{AB3E31A7-33C6-480E-98BF-FCC7AF0BF2F7}.Release|Any CPU.Build.0 = Release|Any CPU
		{3A637592-A435-45BF-82BF-7ECD0AE7F5CB}.Debug|Any CPU.ActiveCfg = Debug|Any CPU
		{3A637592-A435-45BF-82BF-7ECD0AE7F5CB}.Debug|Any CPU.Build.0 = Debug|Any CPU
		{3A637592-A435-45BF-82BF-7ECD0AE7F5CB}.Release|Any CPU.ActiveCfg = Release|Any CPU
		{3A637592-A435-45BF-82BF-7ECD0AE7F5CB}.Release|Any CPU.Build.0 = Release|Any CPU
		{82F494CD-BCCF-4056-98C4-DA2DA324903A}.Debug|Any CPU.ActiveCfg = Debug|Any CPU
		{82F494CD-BCCF-4056-98C4-DA2DA324903A}.Debug|Any CPU.Build.0 = Debug|Any CPU
		{82F494CD-BCCF-4056-98C4-DA2DA324903A}.Release|Any CPU.ActiveCfg = Release|Any CPU
		{82F494CD-BCCF-4056-98C4-DA2DA324903A}.Release|Any CPU.Build.0 = Release|Any CPU
		{525EB6CD-53BB-41EF-A573-CCB562949185}.Debug|Any CPU.ActiveCfg = Debug|Any CPU
		{525EB6CD-53BB-41EF-A573-CCB562949185}.Debug|Any CPU.Build.0 = Debug|Any CPU
		{525EB6CD-53BB-41EF-A573-CCB562949185}.Release|Any CPU.ActiveCfg = Release|Any CPU
		{525EB6CD-53BB-41EF-A573-CCB562949185}.Release|Any CPU.Build.0 = Release|Any CPU
		{AAA86252-369B-4E64-8DD9-8B266967AAC8}.Debug|Any CPU.ActiveCfg = Debug|Any CPU
		{AAA86252-369B-4E64-8DD9-8B266967AAC8}.Debug|Any CPU.Build.0 = Debug|Any CPU
		{AAA86252-369B-4E64-8DD9-8B266967AAC8}.Release|Any CPU.ActiveCfg = Release|Any CPU
		{AAA86252-369B-4E64-8DD9-8B266967AAC8}.Release|Any CPU.Build.0 = Release|Any CPU
		{672E5146-0420-4A9A-8881-613AD5EFAD31}.Debug|Any CPU.ActiveCfg = Debug|Any CPU
		{672E5146-0420-4A9A-8881-613AD5EFAD31}.Debug|Any CPU.Build.0 = Debug|Any CPU
		{672E5146-0420-4A9A-8881-613AD5EFAD31}.Release|Any CPU.ActiveCfg = Release|Any CPU
		{672E5146-0420-4A9A-8881-613AD5EFAD31}.Release|Any CPU.Build.0 = Release|Any CPU
		{63EB2A96-7BB6-4331-B21E-5FC09080B97F}.Debug|Any CPU.ActiveCfg = Debug|Any CPU
		{63EB2A96-7BB6-4331-B21E-5FC09080B97F}.Debug|Any CPU.Build.0 = Debug|Any CPU
		{63EB2A96-7BB6-4331-B21E-5FC09080B97F}.Release|Any CPU.ActiveCfg = Release|Any CPU
		{63EB2A96-7BB6-4331-B21E-5FC09080B97F}.Release|Any CPU.Build.0 = Release|Any CPU
		{088D4432-0325-4C44-ABB7-F33780342FA5}.Debug|Any CPU.ActiveCfg = Debug|Any CPU
		{088D4432-0325-4C44-ABB7-F33780342FA5}.Debug|Any CPU.Build.0 = Debug|Any CPU
		{088D4432-0325-4C44-ABB7-F33780342FA5}.Release|Any CPU.ActiveCfg = Release|Any CPU
		{088D4432-0325-4C44-ABB7-F33780342FA5}.Release|Any CPU.Build.0 = Release|Any CPU
		{3F3E6720-E254-460E-834D-35FAAE88337C}.Debug|Any CPU.ActiveCfg = Debug|Any CPU
		{3F3E6720-E254-460E-834D-35FAAE88337C}.Debug|Any CPU.Build.0 = Debug|Any CPU
		{3F3E6720-E254-460E-834D-35FAAE88337C}.Release|Any CPU.ActiveCfg = Release|Any CPU
		{3F3E6720-E254-460E-834D-35FAAE88337C}.Release|Any CPU.Build.0 = Release|Any CPU
		{91D9AC69-769A-4DC1-83FD-DC8A711CD7AB}.Debug|Any CPU.ActiveCfg = Debug|Any CPU
		{91D9AC69-769A-4DC1-83FD-DC8A711CD7AB}.Debug|Any CPU.Build.0 = Debug|Any CPU
		{91D9AC69-769A-4DC1-83FD-DC8A711CD7AB}.Release|Any CPU.ActiveCfg = Release|Any CPU
		{91D9AC69-769A-4DC1-83FD-DC8A711CD7AB}.Release|Any CPU.Build.0 = Release|Any CPU
		{614D069A-A561-4C5D-9297-9FF49F5C32A5}.Debug|Any CPU.ActiveCfg = Debug|Any CPU
		{614D069A-A561-4C5D-9297-9FF49F5C32A5}.Debug|Any CPU.Build.0 = Debug|Any CPU
		{614D069A-A561-4C5D-9297-9FF49F5C32A5}.Release|Any CPU.ActiveCfg = Release|Any CPU
		{614D069A-A561-4C5D-9297-9FF49F5C32A5}.Release|Any CPU.Build.0 = Release|Any CPU
		{194328FB-E73F-41FE-9E19-98D5E07A90D4}.Debug|Any CPU.ActiveCfg = Debug|Any CPU
		{194328FB-E73F-41FE-9E19-98D5E07A90D4}.Debug|Any CPU.Build.0 = Debug|Any CPU
		{194328FB-E73F-41FE-9E19-98D5E07A90D4}.Release|Any CPU.ActiveCfg = Release|Any CPU
		{194328FB-E73F-41FE-9E19-98D5E07A90D4}.Release|Any CPU.Build.0 = Release|Any CPU
		{B9D0658F-7FB1-43DA-9846-28BAEF0A289C}.Debug|Any CPU.ActiveCfg = Debug|Any CPU
		{B9D0658F-7FB1-43DA-9846-28BAEF0A289C}.Debug|Any CPU.Build.0 = Debug|Any CPU
		{B9D0658F-7FB1-43DA-9846-28BAEF0A289C}.Release|Any CPU.ActiveCfg = Release|Any CPU
		{B9D0658F-7FB1-43DA-9846-28BAEF0A289C}.Release|Any CPU.Build.0 = Release|Any CPU
		{A6114F27-A413-4E8C-B43C-32BCC6B923E6}.Debug|Any CPU.ActiveCfg = Debug|Any CPU
		{A6114F27-A413-4E8C-B43C-32BCC6B923E6}.Debug|Any CPU.Build.0 = Debug|Any CPU
		{A6114F27-A413-4E8C-B43C-32BCC6B923E6}.Release|Any CPU.ActiveCfg = Release|Any CPU
		{A6114F27-A413-4E8C-B43C-32BCC6B923E6}.Release|Any CPU.Build.0 = Release|Any CPU
		{81E82D42-8063-4C01-B899-A3FCEA3093AB}.Debug|Any CPU.ActiveCfg = Debug|Any CPU
		{81E82D42-8063-4C01-B899-A3FCEA3093AB}.Debug|Any CPU.Build.0 = Debug|Any CPU
		{81E82D42-8063-4C01-B899-A3FCEA3093AB}.Release|Any CPU.ActiveCfg = Release|Any CPU
		{81E82D42-8063-4C01-B899-A3FCEA3093AB}.Release|Any CPU.Build.0 = Release|Any CPU
		{11AB8B31-19E1-485C-90F0-E0977BBC7C26}.Debug|Any CPU.ActiveCfg = Debug|Any CPU
		{11AB8B31-19E1-485C-90F0-E0977BBC7C26}.Debug|Any CPU.Build.0 = Debug|Any CPU
		{11AB8B31-19E1-485C-90F0-E0977BBC7C26}.Release|Any CPU.ActiveCfg = Release|Any CPU
		{11AB8B31-19E1-485C-90F0-E0977BBC7C26}.Release|Any CPU.Build.0 = Release|Any CPU
		{01589377-7F4D-43CD-8F58-758C26524AA4}.Debug|Any CPU.ActiveCfg = Debug|Any CPU
		{01589377-7F4D-43CD-8F58-758C26524AA4}.Debug|Any CPU.Build.0 = Debug|Any CPU
		{01589377-7F4D-43CD-8F58-758C26524AA4}.Release|Any CPU.ActiveCfg = Release|Any CPU
		{01589377-7F4D-43CD-8F58-758C26524AA4}.Release|Any CPU.Build.0 = Release|Any CPU
	EndGlobalSection
	GlobalSection(SolutionProperties) = preSolution
		HideSolutionNode = FALSE
	EndGlobalSection
	GlobalSection(NestedProjects) = preSolution
		{83F5E69A-672B-434E-9740-488221DE5D57} = {48DA2324-1307-4897-8D86-91221A227271}
		{3881EA0E-BB65-4846-BF37-5ABA3AE63FB6} = {48DA2324-1307-4897-8D86-91221A227271}
		{588DB720-E451-462C-88E5-33C7762CE924} = {48DA2324-1307-4897-8D86-91221A227271}
		{9C6E35FB-207D-42E8-BF68-0AFBBEC8A34B} = {48DA2324-1307-4897-8D86-91221A227271}
		{25FA963D-AAF5-4581-A827-7CF8E208C07D} = {48DA2324-1307-4897-8D86-91221A227271}
		{58B02E58-2AFA-4E00-8C3D-D1275A408226} = {48DA2324-1307-4897-8D86-91221A227271}
		{E2B7D0FB-C3FB-47AD-9D9A-185DCD068563} = {48DA2324-1307-4897-8D86-91221A227271}
		{5500A323-6854-4A1B-884E-6C2011B8AC71} = {48DA2324-1307-4897-8D86-91221A227271}
		{81A287A6-7527-4836-8A9A-B1A9DFBADC25} = {16DCF713-854B-4964-AF40-8BF8DEE44737}
		{F918B072-BD76-42A0-B618-6F9A598CC83B} = {86BCEEB1-94AE-44F0-891B-1135910FA566}
		{2EB5863F-1D32-49BC-A221-45E69F0813CF} = {48DA2324-1307-4897-8D86-91221A227271}
		{FA0DBA4E-5EE7-436A-9447-90DAD534950A} = {86BCEEB1-94AE-44F0-891B-1135910FA566}
		{85C626C7-7CB2-4846-B39D-72A6F4963F56} = {86BCEEB1-94AE-44F0-891B-1135910FA566}
		{00BECDAB-DD97-4960-8D54-19DC4BB7D9DC} = {86BCEEB1-94AE-44F0-891B-1135910FA566}
		{CA4585FD-DBF5-4343-A6F3-488F8D943789} = {86BCEEB1-94AE-44F0-891B-1135910FA566}
		{AB3E31A7-33C6-480E-98BF-FCC7AF0BF2F7} = {48DA2324-1307-4897-8D86-91221A227271}
		{3A637592-A435-45BF-82BF-7ECD0AE7F5CB} = {16DCF713-854B-4964-AF40-8BF8DEE44737}
		{82F494CD-BCCF-4056-98C4-DA2DA324903A} = {16DCF713-854B-4964-AF40-8BF8DEE44737}
		{525EB6CD-53BB-41EF-A573-CCB562949185} = {48DA2324-1307-4897-8D86-91221A227271}
		{AAA86252-369B-4E64-8DD9-8B266967AAC8} = {48DA2324-1307-4897-8D86-91221A227271}
		{672E5146-0420-4A9A-8881-613AD5EFAD31} = {86BCEEB1-94AE-44F0-891B-1135910FA566}
		{63EB2A96-7BB6-4331-B21E-5FC09080B97F} = {86BCEEB1-94AE-44F0-891B-1135910FA566}
		{088D4432-0325-4C44-ABB7-F33780342FA5} = {48DA2324-1307-4897-8D86-91221A227271}
		{3F3E6720-E254-460E-834D-35FAAE88337C} = {86BCEEB1-94AE-44F0-891B-1135910FA566}
		{91D9AC69-769A-4DC1-83FD-DC8A711CD7AB} = {EF4BC8E5-6E94-4CA8-972D-C6A5FFDF7E5D}
		{614D069A-A561-4C5D-9297-9FF49F5C32A5} = {EF4BC8E5-6E94-4CA8-972D-C6A5FFDF7E5D}
		{194328FB-E73F-41FE-9E19-98D5E07A90D4} = {48DA2324-1307-4897-8D86-91221A227271}
		{B9D0658F-7FB1-43DA-9846-28BAEF0A289C} = {48DA2324-1307-4897-8D86-91221A227271}
		{81E82D42-8063-4C01-B899-A3FCEA3093AB} = {48DA2324-1307-4897-8D86-91221A227271}
		{11AB8B31-19E1-485C-90F0-E0977BBC7C26} = {48DA2324-1307-4897-8D86-91221A227271}
		{01589377-7F4D-43CD-8F58-758C26524AA4} = {86BCEEB1-94AE-44F0-891B-1135910FA566}
	EndGlobalSection
	GlobalSection(ExtensibilityGlobals) = postSolution
		SolutionGuid = {97F59FCE-65D7-438A-8C58-E94BDEC135B5}
	EndGlobalSection
EndGlobal
